
Microsoft Visual Studio Solution File, Format Version 12.00
# Visual Studio Version 17
VisualStudioVersion = 17.2.32526.322
MinimumVisualStudioVersion = 10.0.40219.1
Project("{FAE04EC0-301F-11D3-BF4B-00C04F79EFBC}") = "Group_Lib2", "Group_Lib2\Group_Lib2.csproj", "{46AD5AFF-56A1-4A9D-AD4B-7A5B14BCB554}"
EndProject
Global
	GlobalSection(SolutionConfigurationPlatforms) = preSolution
		Debug|Any CPU = Debug|Any CPU
		Release|Any CPU = Release|Any CPU
	EndGlobalSection
	GlobalSection(ProjectConfigurationPlatforms) = postSolution
		{46AD5AFF-56A1-4A9D-AD4B-7A5B14BCB554}.Debug|Any CPU.ActiveCfg = Debug|Any CPU
		{46AD5AFF-56A1-4A9D-AD4B-7A5B14BCB554}.Debug|Any CPU.Build.0 = Debug|Any CPU
		{46AD5AFF-56A1-4A9D-AD4B-7A5B14BCB554}.Release|Any CPU.ActiveCfg = Release|Any CPU
		{46AD5AFF-56A1-4A9D-AD4B-7A5B14BCB554}.Release|Any CPU.Build.0 = Release|Any CPU
	EndGlobalSection
	GlobalSection(SolutionProperties) = preSolution
		HideSolutionNode = FALSE
	EndGlobalSection
	GlobalSection(ExtensibilityGlobals) = postSolution
		SolutionGuid = {2A875CF5-3BEE-4B05-9BD7-AA9917951ACE}
	EndGlobalSection
EndGlobal
